
Microsoft Visual Studio Solution File, Format Version 12.00
# Visual Studio Version 17
VisualStudioVersion = 17.8.34316.72
MinimumVisualStudioVersion = 10.0.40219.1
Project("{9A19103F-16F7-4668-BE54-9A1E7A4F7556}") = "Morse Code Translators", "Morse Code Translators\Morse Code Translators.csproj", "{8329FA4E-6F35-4ACC-8299-A84CDF9B8360}"
EndProject
Project("{2150E333-8FDC-42A3-9474-1A3956D46DE8}") = "Solution Items", "Solution Items", "{32A014C4-A434-426D-94A7-1CB9D92DF733}"
EndProject
Project("{FAE04EC0-301F-11D3-BF4B-00C04F79EFBC}") = "ConversionUnitTests", "ConversionUnitTests\ConversionUnitTests.csproj", "{08B0BAA9-F458-4422-B017-34380E7EEAFA}"
EndProject
Global
	GlobalSection(SolutionConfigurationPlatforms) = preSolution
		Debug|Any CPU = Debug|Any CPU
		Release|Any CPU = Release|Any CPU
	EndGlobalSection
	GlobalSection(ProjectConfigurationPlatforms) = postSolution
		{8329FA4E-6F35-4ACC-8299-A84CDF9B8360}.Debug|Any CPU.ActiveCfg = Debug|Any CPU
		{8329FA4E-6F35-4ACC-8299-A84CDF9B8360}.Debug|Any CPU.Build.0 = Debug|Any CPU
		{8329FA4E-6F35-4ACC-8299-A84CDF9B8360}.Release|Any CPU.ActiveCfg = Release|Any CPU
		{8329FA4E-6F35-4ACC-8299-A84CDF9B8360}.Release|Any CPU.Build.0 = Release|Any CPU
		{08B0BAA9-F458-4422-B017-34380E7EEAFA}.Debug|Any CPU.ActiveCfg = Debug|Any CPU
		{08B0BAA9-F458-4422-B017-34380E7EEAFA}.Debug|Any CPU.Build.0 = Debug|Any CPU
		{08B0BAA9-F458-4422-B017-34380E7EEAFA}.Release|Any CPU.ActiveCfg = Release|Any CPU
		{08B0BAA9-F458-4422-B017-34380E7EEAFA}.Release|Any CPU.Build.0 = Release|Any CPU
	EndGlobalSection
	GlobalSection(SolutionProperties) = preSolution
		HideSolutionNode = FALSE
	EndGlobalSection
	GlobalSection(ExtensibilityGlobals) = postSolution
		SolutionGuid = {0513E7A5-349F-4F28-A7C0-03D98F2168F2}
	EndGlobalSection
EndGlobal
